
Microsoft Visual Studio Solution File, Format Version 12.00
# Visual Studio Version 17
VisualStudioVersion = 17.7.34031.279
MinimumVisualStudioVersion = 10.0.40219.1
Project("{9A19103F-16F7-4668-BE54-9A1E7A4F7556}") = "MeuProjeto", "MeuProjeto.csproj", "{0692DADA-38BA-40B5-B3B7-31C3A1859B6C}"
EndProject
Global
	GlobalSection(SolutionConfigurationPlatforms) = preSolution
		Debug|Any CPU = Debug|Any CPU
		Release|Any CPU = Release|Any CPU
	EndGlobalSection
	GlobalSection(ProjectConfigurationPlatforms) = postSolution
		{0692DADA-38BA-40B5-B3B7-31C3A1859B6C}.Debug|Any CPU.ActiveCfg = Debug|Any CPU
		{0692DADA-38BA-40B5-B3B7-31C3A1859B6C}.Debug|Any CPU.Build.0 = Debug|Any CPU
		{0692DADA-38BA-40B5-B3B7-31C3A1859B6C}.Release|Any CPU.ActiveCfg = Release|Any CPU
		{0692DADA-38BA-40B5-B3B7-31C3A1859B6C}.Release|Any CPU.Build.0 = Release|Any CPU
	EndGlobalSection
	GlobalSection(SolutionProperties) = preSolution
		HideSolutionNode = FALSE
	EndGlobalSection
	GlobalSection(ExtensibilityGlobals) = postSolution
		SolutionGuid = {F39D4268-E5CD-478A-B13D-2950212E3C97}
	EndGlobalSection
EndGlobal
